
Microsoft Visual Studio Solution File, Format Version 12.00
# Visual Studio Version 17
VisualStudioVersion = 17.3.32922.545
MinimumVisualStudioVersion = 10.0.40219.1
Project("{FAE04EC0-301F-11D3-BF4B-00C04F79EFBC}") = "MoveAndZoomRect", "MoveAndZoomRect\MoveAndZoomRect.csproj", "{DA8C766C-6B68-4B3B-B4AE-87901D63BC84}"
EndProject
Global
	GlobalSection(SolutionConfigurationPlatforms) = preSolution
		Debug|Any CPU = Debug|Any CPU
		Release|Any CPU = Release|Any CPU
	EndGlobalSection
	GlobalSection(ProjectConfigurationPlatforms) = postSolution
		{DA8C766C-6B68-4B3B-B4AE-87901D63BC84}.Debug|Any CPU.ActiveCfg = Debug|Any CPU
		{DA8C766C-6B68-4B3B-B4AE-87901D63BC84}.Debug|Any CPU.Build.0 = Debug|Any CPU
		{DA8C766C-6B68-4B3B-B4AE-87901D63BC84}.Release|Any CPU.ActiveCfg = Release|Any CPU
		{DA8C766C-6B68-4B3B-B4AE-87901D63BC84}.Release|Any CPU.Build.0 = Release|Any CPU
	EndGlobalSection
	GlobalSection(SolutionProperties) = preSolution
		HideSolutionNode = FALSE
	EndGlobalSection
	GlobalSection(ExtensibilityGlobals) = postSolution
		SolutionGuid = {22382AF0-11FE-4B08-BEF1-2D78021175CE}
	EndGlobalSection
EndGlobal
